
Microsoft Visual Studio Solution File, Format Version 12.00
# Visual Studio Version 18
VisualStudioVersion = 18.3.11218.70
MinimumVisualStudioVersion = 10.0.40219.1
Project("{2150E333-8FDC-42A3-9474-1A3956D46DE8}") = "src", "src", "{02EA681E-C7D8-13C7-8484-4AC65E1B71E8}"
EndProject
Project("{2150E333-8FDC-42A3-9474-1A3956D46DE8}") = "tests", "tests", "{167226BB-87F2-4987-A26E-E8E89D17DFEE}"
EndProject
Project("{2150E333-8FDC-42A3-9474-1A3956D46DE8}") = "Services", "Services", "{3EC2635A-0C45-4D7D-9997-EDFC07997AF1}"
EndProject
Project("{2150E333-8FDC-42A3-9474-1A3956D46DE8}") = "IdentityService", "IdentityService", "{2206A603-EB09-4A9B-83FF-29E909F9E3AF}"
EndProject
Project("{2150E333-8FDC-42A3-9474-1A3956D46DE8}") = "TasksService", "TasksService", "{AD8328D3-ED5F-4551-B253-2B864BB41C86}"
EndProject
Project("{2150E333-8FDC-42A3-9474-1A3956D46DE8}") = "ApiGateway", "ApiGateway", "{C44A1BE5-2FDE-443D-ADFF-10FE4A2F08A3}"
EndProject
Project("{2150E333-8FDC-42A3-9474-1A3956D46DE8}") = "BuildingBlocks", "BuildingBlocks", "{84D4480F-48E4-470A-956B-9FBAD02A1497}"
EndProject
Project("{2150E333-8FDC-42A3-9474-1A3956D46DE8}") = "src", "src", "{4C1884FD-ED89-41F5-82C4-A3B10A7D7285}"
EndProject
Project("{2150E333-8FDC-42A3-9474-1A3956D46DE8}") = "tests", "tests", "{844D8B64-478A-48EB-88CA-8B4C74CE9D13}"
EndProject
Project("{FAE04EC0-301F-11D3-BF4B-00C04F79EFBC}") = "IdentityService.Domain", "IdentityService.Domain\IdentityService.Domain.csproj", "{A4690E08-75BA-4093-AF83-F1B26EA7F531}"
EndProject
Project("{FAE04EC0-301F-11D3-BF4B-00C04F79EFBC}") = "IdentityService.Infrastructure", "IdentityService.Infrastructure\IdentityService.Infrastructure.csproj", "{ED10487E-45A3-49B0-9FC3-03F7D4216A4B}"
EndProject
Project("{FAE04EC0-301F-11D3-BF4B-00C04F79EFBC}") = "IdentityService.Api", "IdentityService.Api\IdentityService.Api.csproj", "{6BCBCED2-E888-412C-8F3C-AD9CD85E3345}"
EndProject
Project("{FAE04EC0-301F-11D3-BF4B-00C04F79EFBC}") = "IdentityService.Application", "IdentityService.Application\IdentityService.Application.csproj", "{C33309AC-2CD8-4C1E-9BA7-5E3EE5A3DE09}"
EndProject
Global
	GlobalSection(SolutionConfigurationPlatforms) = preSolution
		Debug|Any CPU = Debug|Any CPU
		Release|Any CPU = Release|Any CPU
	EndGlobalSection
	GlobalSection(ProjectConfigurationPlatforms) = postSolution
		{A4690E08-75BA-4093-AF83-F1B26EA7F531}.Debug|Any CPU.ActiveCfg = Debug|Any CPU
		{A4690E08-75BA-4093-AF83-F1B26EA7F531}.Debug|Any CPU.Build.0 = Debug|Any CPU
		{A4690E08-75BA-4093-AF83-F1B26EA7F531}.Release|Any CPU.ActiveCfg = Release|Any CPU
		{A4690E08-75BA-4093-AF83-F1B26EA7F531}.Release|Any CPU.Build.0 = Release|Any CPU
		{ED10487E-45A3-49B0-9FC3-03F7D4216A4B}.Debug|Any CPU.ActiveCfg = Debug|Any CPU
		{ED10487E-45A3-49B0-9FC3-03F7D4216A4B}.Debug|Any CPU.Build.0 = Debug|Any CPU
		{ED10487E-45A3-49B0-9FC3-03F7D4216A4B}.Release|Any CPU.ActiveCfg = Release|Any CPU
		{ED10487E-45A3-49B0-9FC3-03F7D4216A4B}.Release|Any CPU.Build.0 = Release|Any CPU
		{6BCBCED2-E888-412C-8F3C-AD9CD85E3345}.Debug|Any CPU.ActiveCfg = Debug|Any CPU
		{6BCBCED2-E888-412C-8F3C-AD9CD85E3345}.Debug|Any CPU.Build.0 = Debug|Any CPU
		{6BCBCED2-E888-412C-8F3C-AD9CD85E3345}.Release|Any CPU.ActiveCfg = Release|Any CPU
		{6BCBCED2-E888-412C-8F3C-AD9CD85E3345}.Release|Any CPU.Build.0 = Release|Any CPU
		{C33309AC-2CD8-4C1E-9BA7-5E3EE5A3DE09}.Debug|Any CPU.ActiveCfg = Debug|Any CPU
		{C33309AC-2CD8-4C1E-9BA7-5E3EE5A3DE09}.Debug|Any CPU.Build.0 = Debug|Any CPU
		{C33309AC-2CD8-4C1E-9BA7-5E3EE5A3DE09}.Release|Any CPU.ActiveCfg = Release|Any CPU
		{C33309AC-2CD8-4C1E-9BA7-5E3EE5A3DE09}.Release|Any CPU.Build.0 = Release|Any CPU
	EndGlobalSection
	GlobalSection(SolutionProperties) = preSolution
		HideSolutionNode = FALSE
	EndGlobalSection
	GlobalSection(NestedProjects) = preSolution
		{3EC2635A-0C45-4D7D-9997-EDFC07997AF1} = {02EA681E-C7D8-13C7-8484-4AC65E1B71E8}
		{2206A603-EB09-4A9B-83FF-29E909F9E3AF} = {3EC2635A-0C45-4D7D-9997-EDFC07997AF1}
		{AD8328D3-ED5F-4551-B253-2B864BB41C86} = {3EC2635A-0C45-4D7D-9997-EDFC07997AF1}
		{C44A1BE5-2FDE-443D-ADFF-10FE4A2F08A3} = {02EA681E-C7D8-13C7-8484-4AC65E1B71E8}
		{84D4480F-48E4-470A-956B-9FBAD02A1497} = {02EA681E-C7D8-13C7-8484-4AC65E1B71E8}
		{4C1884FD-ED89-41F5-82C4-A3B10A7D7285} = {2206A603-EB09-4A9B-83FF-29E909F9E3AF}
		{844D8B64-478A-48EB-88CA-8B4C74CE9D13} = {2206A603-EB09-4A9B-83FF-29E909F9E3AF}
		{A4690E08-75BA-4093-AF83-F1B26EA7F531} = {4C1884FD-ED89-41F5-82C4-A3B10A7D7285}
		{ED10487E-45A3-49B0-9FC3-03F7D4216A4B} = {4C1884FD-ED89-41F5-82C4-A3B10A7D7285}
		{6BCBCED2-E888-412C-8F3C-AD9CD85E3345} = {4C1884FD-ED89-41F5-82C4-A3B10A7D7285}
		{C33309AC-2CD8-4C1E-9BA7-5E3EE5A3DE09} = {4C1884FD-ED89-41F5-82C4-A3B10A7D7285}
	EndGlobalSection
	GlobalSection(ExtensibilityGlobals) = postSolution
		SolutionGuid = {41BFFAA1-E3B1-4305-A996-2BAAEE3D9A03}
	EndGlobalSection
EndGlobal
