
Microsoft Visual Studio Solution File, Format Version 12.00
# Visual Studio Version 18
VisualStudioVersion = 18.3.11218.70 d18.3
MinimumVisualStudioVersion = 10.0.40219.1
Project("{2150E333-8FDC-42A3-9474-1A3956D46DE8}") = "src", "src", "{02EA681E-C7D8-13C7-8484-4AC65E1B71E8}"
EndProject
Project("{2150E333-8FDC-42A3-9474-1A3956D46DE8}") = "tests", "tests", "{167226BB-87F2-4987-A26E-E8E89D17DFEE}"
EndProject
Project("{2150E333-8FDC-42A3-9474-1A3956D46DE8}") = "Services", "Services", "{3EC2635A-0C45-4D7D-9997-EDFC07997AF1}"
EndProject
Project("{2150E333-8FDC-42A3-9474-1A3956D46DE8}") = "IdentityService", "IdentityService", "{2206A603-EB09-4A9B-83FF-29E909F9E3AF}"
EndProject
Project("{2150E333-8FDC-42A3-9474-1A3956D46DE8}") = "TasksService", "TasksService", "{AD8328D3-ED5F-4551-B253-2B864BB41C86}"
EndProject
Project("{2150E333-8FDC-42A3-9474-1A3956D46DE8}") = "ApiGateway", "ApiGateway", "{C44A1BE5-2FDE-443D-ADFF-10FE4A2F08A3}"
EndProject
Project("{2150E333-8FDC-42A3-9474-1A3956D46DE8}") = "BuildingBlocks", "BuildingBlocks", "{84D4480F-48E4-470A-956B-9FBAD02A1497}"
EndProject
Project("{FAE04EC0-301F-11D3-BF4B-00C04F79EFBC}") = "IdenttiyService.Domain", "IdenttiyService.Domain\IdenttiyService.Domain.csproj", "{28B61C62-C95A-459C-A449-4F3C2B399B60}"
EndProject
Project("{FAE04EC0-301F-11D3-BF4B-00C04F79EFBC}") = "IdenttiyService.Application", "IdenttiyService.Application\IdenttiyService.Application.csproj", "{041282BF-2362-40D6-94E3-0AC95E3476B8}"
EndProject
Project("{FAE04EC0-301F-11D3-BF4B-00C04F79EFBC}") = "IdenttiyService.Infastrcuture", "IdenttiyService.Infastrcuture\IdenttiyService.Infastrcuture.csproj", "{BC8BF65E-11DB-45E1-B263-14F404DF8B83}"
EndProject
Project("{FAE04EC0-301F-11D3-BF4B-00C04F79EFBC}") = "IdentityService.Api", "IdentityService.Api\IdentityService.Api.csproj", "{928500EC-B52B-49BA-8F75-F5907B129B9A}"
EndProject
Project("{2150E333-8FDC-42A3-9474-1A3956D46DE8}") = "src", "src", "{4C1884FD-ED89-41F5-82C4-A3B10A7D7285}"
EndProject
Project("{2150E333-8FDC-42A3-9474-1A3956D46DE8}") = "tests", "tests", "{844D8B64-478A-48EB-88CA-8B4C74CE9D13}"
EndProject
Global
	GlobalSection(SolutionConfigurationPlatforms) = preSolution
		Debug|Any CPU = Debug|Any CPU
		Release|Any CPU = Release|Any CPU
	EndGlobalSection
	GlobalSection(ProjectConfigurationPlatforms) = postSolution
		{28B61C62-C95A-459C-A449-4F3C2B399B60}.Debug|Any CPU.ActiveCfg = Debug|Any CPU
		{28B61C62-C95A-459C-A449-4F3C2B399B60}.Debug|Any CPU.Build.0 = Debug|Any CPU
		{28B61C62-C95A-459C-A449-4F3C2B399B60}.Release|Any CPU.ActiveCfg = Release|Any CPU
		{28B61C62-C95A-459C-A449-4F3C2B399B60}.Release|Any CPU.Build.0 = Release|Any CPU
		{041282BF-2362-40D6-94E3-0AC95E3476B8}.Debug|Any CPU.ActiveCfg = Debug|Any CPU
		{041282BF-2362-40D6-94E3-0AC95E3476B8}.Debug|Any CPU.Build.0 = Debug|Any CPU
		{041282BF-2362-40D6-94E3-0AC95E3476B8}.Release|Any CPU.ActiveCfg = Release|Any CPU
		{041282BF-2362-40D6-94E3-0AC95E3476B8}.Release|Any CPU.Build.0 = Release|Any CPU
		{BC8BF65E-11DB-45E1-B263-14F404DF8B83}.Debug|Any CPU.ActiveCfg = Debug|Any CPU
		{BC8BF65E-11DB-45E1-B263-14F404DF8B83}.Debug|Any CPU.Build.0 = Debug|Any CPU
		{BC8BF65E-11DB-45E1-B263-14F404DF8B83}.Release|Any CPU.ActiveCfg = Release|Any CPU
		{BC8BF65E-11DB-45E1-B263-14F404DF8B83}.Release|Any CPU.Build.0 = Release|Any CPU
		{928500EC-B52B-49BA-8F75-F5907B129B9A}.Debug|Any CPU.ActiveCfg = Debug|Any CPU
		{928500EC-B52B-49BA-8F75-F5907B129B9A}.Debug|Any CPU.Build.0 = Debug|Any CPU
		{928500EC-B52B-49BA-8F75-F5907B129B9A}.Release|Any CPU.ActiveCfg = Release|Any CPU
		{928500EC-B52B-49BA-8F75-F5907B129B9A}.Release|Any CPU.Build.0 = Release|Any CPU
	EndGlobalSection
	GlobalSection(SolutionProperties) = preSolution
		HideSolutionNode = FALSE
	EndGlobalSection
	GlobalSection(NestedProjects) = preSolution
		{3EC2635A-0C45-4D7D-9997-EDFC07997AF1} = {02EA681E-C7D8-13C7-8484-4AC65E1B71E8}
		{2206A603-EB09-4A9B-83FF-29E909F9E3AF} = {3EC2635A-0C45-4D7D-9997-EDFC07997AF1}
		{AD8328D3-ED5F-4551-B253-2B864BB41C86} = {3EC2635A-0C45-4D7D-9997-EDFC07997AF1}
		{C44A1BE5-2FDE-443D-ADFF-10FE4A2F08A3} = {02EA681E-C7D8-13C7-8484-4AC65E1B71E8}
		{84D4480F-48E4-470A-956B-9FBAD02A1497} = {02EA681E-C7D8-13C7-8484-4AC65E1B71E8}
		{28B61C62-C95A-459C-A449-4F3C2B399B60} = {844D8B64-478A-48EB-88CA-8B4C74CE9D13}
		{041282BF-2362-40D6-94E3-0AC95E3476B8} = {844D8B64-478A-48EB-88CA-8B4C74CE9D13}
		{BC8BF65E-11DB-45E1-B263-14F404DF8B83} = {844D8B64-478A-48EB-88CA-8B4C74CE9D13}
		{928500EC-B52B-49BA-8F75-F5907B129B9A} = {844D8B64-478A-48EB-88CA-8B4C74CE9D13}
		{4C1884FD-ED89-41F5-82C4-A3B10A7D7285} = {2206A603-EB09-4A9B-83FF-29E909F9E3AF}
		{844D8B64-478A-48EB-88CA-8B4C74CE9D13} = {2206A603-EB09-4A9B-83FF-29E909F9E3AF}
	EndGlobalSection
	GlobalSection(ExtensibilityGlobals) = postSolution
		SolutionGuid = {41BFFAA1-E3B1-4305-A996-2BAAEE3D9A03}
	EndGlobalSection
EndGlobal
